
Microsoft Visual Studio Solution File, Format Version 12.00
# Visual Studio Version 16
VisualStudioVersion = 16.0.31507.150
MinimumVisualStudioVersion = 10.0.40219.1
Project("{FAE04EC0-301F-11D3-BF4B-00C04F79EFBC}") = "Lib_Http_Feature", "Lib_Http_Feature\Lib_Http_Feature.csproj", "{BE87A2C9-21D4-40AD-82D6-435B47A53C2F}"
EndProject
Global
	GlobalSection(SolutionConfigurationPlatforms) = preSolution
		Debug|Any CPU = Debug|Any CPU
		Release|Any CPU = Release|Any CPU
	EndGlobalSection
	GlobalSection(ProjectConfigurationPlatforms) = postSolution
		{BE87A2C9-21D4-40AD-82D6-435B47A53C2F}.Debug|Any CPU.ActiveCfg = Debug|Any CPU
		{BE87A2C9-21D4-40AD-82D6-435B47A53C2F}.Debug|Any CPU.Build.0 = Debug|Any CPU
		{BE87A2C9-21D4-40AD-82D6-435B47A53C2F}.Release|Any CPU.ActiveCfg = Release|Any CPU
		{BE87A2C9-21D4-40AD-82D6-435B47A53C2F}.Release|Any CPU.Build.0 = Release|Any CPU
	EndGlobalSection
	GlobalSection(SolutionProperties) = preSolution
		HideSolutionNode = FALSE
	EndGlobalSection
	GlobalSection(ExtensibilityGlobals) = postSolution
		SolutionGuid = {256C6E6C-900E-4250-9906-120ACE209FA3}
	EndGlobalSection
EndGlobal
